<?xml version="1.0" encoding="utf-8"?>
<Project ToolsVersion="4.0" xmlns="http://schemas.microsoft.com/developer/msbuild/2003">
  <ItemGroup>
    <Filter Include="Source Files">
      <UniqueIdentifier>{4FC737F1-C7A5-4376-A066-2A32D752A2FF}</UniqueIdentifier>
      <Extensions>cpp;c;cc;cxx;def;odl;idl;hpj;bat;asm;asmx</Extensions>
    </Filter>
    <Filter Include="Header Files">
      <UniqueIdentifier>{93995380-89BD-4b04-88EB-625FBE52EBFB}</UniqueIdentifier>
      <Extensions>h;hh;hpp;hxx;hm;inl;inc;xsd</Extensions>
    </Filter>
    <Filter Include="Resource Files">
      <UniqueIdentifier>{67DA6AB6-F800-4c08-8B7A-83BB121AAD01}</UniqueIdentifier>
      <Extensions>rc;ico;cur;bmp;dlg;rc2;rct;bin;rgs;gif;jpg;jpeg;jpe;resx;tiff;tif;png;wav;mfcribbon-ms</Extensions>
    </Filter>
  </ItemGroup>
  <ItemGroup>
    <ClCompile Include="Matrix Transpose.cpp">
      <Filter>Source Files</Filter>
    </ClCompile>
    <ClCompile Include="Spiral.cpp">
      <Filter>Source Files</Filter>
    </ClCompile>
    <ClCompile Include="TwoAndThreeColorSort.cpp">
      <Filter>Source Files</Filter>
    </ClCompile>
    <ClCompile Include="linkedListKSwap.cpp">
      <Filter>Source Files</Filter>
    </ClCompile>
    <ClCompile Include="copyNodesandData.cpp">
      <Filter>Source Files</Filter>
    </ClCompile>
    <ClCompile Include="MergeSortArray.cpp">
      <Filter>Source Files</Filter>
    </ClCompile>
    <ClCompile Include="SumOfArrayRecursion.cpp">
      <Filter>Source Files</Filter>
    </ClCompile>
    <ClCompile Include="power.cpp">
      <Filter>Source Files</Filter>
    </ClCompile>
    <ClCompile Include="fibo.cpp">
      <Filter>Source Files</Filter>
    </ClCompile>
    <ClCompile Include="StairCase.cpp">
      <Filter>Source Files</Filter>
    </ClCompile>
    <ClCompile Include="PrintToLengthFromOne.cpp">
      <Filter>Source Files</Filter>
    </ClCompile>
    <ClCompile Include="permutations.cpp">
      <Filter>Source Files</Filter>
    </ClCompile>
    <ClCompile Include="fiboMatrix.cpp">
      <Filter>Source Files</Filter>
    </ClCompile>
    <ClCompile Include="find the words.cpp">
      <Filter>Source Files</Filter>
    </ClCompile>
    <ClCompile Include="MergeSortDLL.cpp">
      <Filter>Source Files</Filter>
    </ClCompile>
    <ClCompile Include="PermutationsWithoutRepetition.cpp">
      <Filter>Source Files</Filter>
    </ClCompile>
    <ClCompile Include="LoopDetectionLinkedList.cpp">
      <Filter>Source Files</Filter>
    </ClCompile>
    <ClCompile Include="SumOfLinkedLists.cpp">
      <Filter>Source Files</Filter>
    </ClCompile>
  </ItemGroup>
</Project>